PODS:
  - Cordova (6.1.1):
    - Cordova/Cordova (= 6.1.1)
  - Cordova/Cordova (6.1.1)
  - DigitalIDZoomAuthenticationCordovaPlugin (0.4.1):
    - Cordova

DEPENDENCIES:
  - DigitalIDZoomAuthenticationCordovaPlugin (= 0.4.1)

SPEC REPOS:
  https://github.com/cocoapods/specs.git:
    - Cordova
    - DigitalIDZoomAuthenticationCordovaPlugin

SPEC CHECKSUMS:
  Cordova: eea60c20c8262ae4aecc15e78fe6e03543c2cde4
  DigitalIDZoomAuthenticationCordovaPlugin: 23e2132d8e4fbad4b9bc192312aafec6a8f62b33

PODFILE CHECKSUM: f5bf19be2a09f9473467377806dcd6d72a05e8a5

COCOAPODS: 1.10.1
