PODS:
  - Cordova (6.1.1):
    - Cordova/Cordova (= 6.1.1)
  - Cordova/Cordova (6.1.1)
  - DigitalIDZoomAuthenticationCordovaPlugin (0.2.9):
    - Cordova

DEPENDENCIES:
  - DigitalIDZoomAuthenticationCordovaPlugin (= 0.2.9)

SPEC REPOS:
  https://github.com/cocoapods/specs.git:
    - Cordova
    - DigitalIDZoomAuthenticationCordovaPlugin

SPEC CHECKSUMS:
  Cordova: eea60c20c8262ae4aecc15e78fe6e03543c2cde4
  DigitalIDZoomAuthenticationCordovaPlugin: 2d8736bb9020fb9bc7a51f6ad072b36d965ca279

PODFILE CHECKSUM: 22945c2ce09d1b1670ccd9af20b27e75a6f33e18

COCOAPODS: 1.10.1
